
Microsoft Visual Studio Solution File, Format Version 12.00
# Visual Studio Version 16
VisualStudioVersion = 16.0.29519.181
MinimumVisualStudioVersion = 10.0.40219.1
Project("{8BC9CEB8-8B4A-11D0-8D11-00A0C91BC942}") = "virus", "virus\virus.vcxproj", "{62B67AE3-F337-4FFF-AB36-78E0682D765F}"
EndProject
Project("{8BC9CEB8-8B4A-11D0-8D11-00A0C91BC942}") = "injector", "injector\injector.vcxproj", "{A5EAA150-02AA-403F-9FC5-E76B182EE39D}"
EndProject
Project("{FAE04EC0-301F-11D3-BF4B-00C04F79EFBC}") = "osu Rate Changer", "osu Rate Changer\osu Rate Changer.csproj", "{B6B2EF4E-F78E-43BE-A376-6D3474600BD8}"
	ProjectSection(ProjectDependencies) = postProject
		{A5EAA150-02AA-403F-9FC5-E76B182EE39D} = {A5EAA150-02AA-403F-9FC5-E76B182EE39D}
		{62B67AE3-F337-4FFF-AB36-78E0682D765F} = {62B67AE3-F337-4FFF-AB36-78E0682D765F}
	EndProjectSection
EndProject
Global
	GlobalSection(SolutionConfigurationPlatforms) = preSolution
		Debug|Any CPU = Debug|Any CPU
		Debug|x64 = Debug|x64
		Debug|x86 = Debug|x86
		Release|Any CPU = Release|Any CPU
		Release|x64 = Release|x64
		Release|x86 = Release|x86
	EndGlobalSection
	GlobalSection(ProjectConfigurationPlatforms) = postSolution
		{62B67AE3-F337-4FFF-AB36-78E0682D765F}.Debug|Any CPU.ActiveCfg = Debug|Win32
		{62B67AE3-F337-4FFF-AB36-78E0682D765F}.Debug|Any CPU.Build.0 = Debug|Win32
		{62B67AE3-F337-4FFF-AB36-78E0682D765F}.Debug|x64.ActiveCfg = Debug|Win32
		{62B67AE3-F337-4FFF-AB36-78E0682D765F}.Debug|x86.ActiveCfg = Debug|Win32
		{62B67AE3-F337-4FFF-AB36-78E0682D765F}.Debug|x86.Build.0 = Debug|Win32
		{62B67AE3-F337-4FFF-AB36-78E0682D765F}.Release|Any CPU.ActiveCfg = Release|Win32
		{62B67AE3-F337-4FFF-AB36-78E0682D765F}.Release|Any CPU.Build.0 = Release|Win32
		{62B67AE3-F337-4FFF-AB36-78E0682D765F}.Release|x64.ActiveCfg = Release|Win32
		{62B67AE3-F337-4FFF-AB36-78E0682D765F}.Release|x86.ActiveCfg = Release|Win32
		{62B67AE3-F337-4FFF-AB36-78E0682D765F}.Release|x86.Build.0 = Release|Win32
		{A5EAA150-02AA-403F-9FC5-E76B182EE39D}.Debug|Any CPU.ActiveCfg = Debug|Win32
		{A5EAA150-02AA-403F-9FC5-E76B182EE39D}.Debug|Any CPU.Build.0 = Debug|Win32
		{A5EAA150-02AA-403F-9FC5-E76B182EE39D}.Debug|x64.ActiveCfg = Debug|Win32
		{A5EAA150-02AA-403F-9FC5-E76B182EE39D}.Debug|x86.ActiveCfg = Debug|Win32
		{A5EAA150-02AA-403F-9FC5-E76B182EE39D}.Debug|x86.Build.0 = Debug|Win32
		{A5EAA150-02AA-403F-9FC5-E76B182EE39D}.Release|Any CPU.ActiveCfg = Release|Win32
		{A5EAA150-02AA-403F-9FC5-E76B182EE39D}.Release|Any CPU.Build.0 = Release|Win32
		{A5EAA150-02AA-403F-9FC5-E76B182EE39D}.Release|x64.ActiveCfg = Release|Win32
		{A5EAA150-02AA-403F-9FC5-E76B182EE39D}.Release|x86.ActiveCfg = Release|Win32
		{A5EAA150-02AA-403F-9FC5-E76B182EE39D}.Release|x86.Build.0 = Release|Win32
		{B6B2EF4E-F78E-43BE-A376-6D3474600BD8}.Debug|Any CPU.ActiveCfg = Debug|Any CPU
		{B6B2EF4E-F78E-43BE-A376-6D3474600BD8}.Debug|Any CPU.Build.0 = Debug|Any CPU
		{B6B2EF4E-F78E-43BE-A376-6D3474600BD8}.Debug|x64.ActiveCfg = Debug|Any CPU
		{B6B2EF4E-F78E-43BE-A376-6D3474600BD8}.Debug|x64.Build.0 = Debug|Any CPU
		{B6B2EF4E-F78E-43BE-A376-6D3474600BD8}.Debug|x86.ActiveCfg = Debug|Any CPU
		{B6B2EF4E-F78E-43BE-A376-6D3474600BD8}.Debug|x86.Build.0 = Debug|Any CPU
		{B6B2EF4E-F78E-43BE-A376-6D3474600BD8}.Release|Any CPU.ActiveCfg = Release|Any CPU
		{B6B2EF4E-F78E-43BE-A376-6D3474600BD8}.Release|Any CPU.Build.0 = Release|Any CPU
		{B6B2EF4E-F78E-43BE-A376-6D3474600BD8}.Release|x64.ActiveCfg = Release|Any CPU
		{B6B2EF4E-F78E-43BE-A376-6D3474600BD8}.Release|x64.Build.0 = Release|Any CPU
		{B6B2EF4E-F78E-43BE-A376-6D3474600BD8}.Release|x86.ActiveCfg = Release|Any CPU
		{B6B2EF4E-F78E-43BE-A376-6D3474600BD8}.Release|x86.Build.0 = Release|Any CPU
	EndGlobalSection
	GlobalSection(SolutionProperties) = preSolution
		HideSolutionNode = FALSE
	EndGlobalSection
	GlobalSection(ExtensibilityGlobals) = postSolution
		SolutionGuid = {64CF00B5-7C70-474D-AD82-CD2A89337C91}
	EndGlobalSection
EndGlobal
